// !$*UTF8*$!
{
	archiveVersion = 1;
	classes = {
	};
	objectVersion = 56;
	objects = {

/* Begin PBXBuildFile section */
		3124CA41581989B28C439319 /* Pods_podcast.framework in Frameworks */ = {isa = PBXBuildFile; fileRef = 404BDE81FA649E8A9A7747AA /* Pods_podcast.framework */; };
		EA2CC56D2BE3268800B8CEA6 /* LoginViewController.swift in Sources */ = {isa = PBXBuildFile; fileRef = EA2CC56B2BE3268800B8CEA6 /* LoginViewController.swift */; };
		EA2CC56E2BE3268800B8CEA6 /* LoginViewController.xib in Resources */ = {isa = PBXBuildFile; fileRef = EA2CC56C2BE3268800B8CEA6 /* LoginViewController.xib */; };
		EA2CC5702BE38D0300B8CEA6 /* AppNavigator.swift in Sources */ = {isa = PBXBuildFile; fileRef = EA2CC56F2BE38D0300B8CEA6 /* AppNavigator.swift */; };
		EA2CC5722BE3901900B8CEA6 /* UIView+ext.swift in Sources */ = {isa = PBXBuildFile; fileRef = EA2CC5712BE3901900B8CEA6 /* UIView+ext.swift */; };
		EA2CC5742BE3938C00B8CEA6 /* UIViewController+ext.swift in Sources */ = {isa = PBXBuildFile; fileRef = EA2CC5732BE3938C00B8CEA6 /* UIViewController+ext.swift */; };
		EA2CC5762BE3969900B8CEA6 /* String+ext.swift in Sources */ = {isa = PBXBuildFile; fileRef = EA2CC5752BE3969900B8CEA6 /* String+ext.swift */; };
		EA2CC5782BE398C900B8CEA6 /* AppRepository.swift in Sources */ = {isa = PBXBuildFile; fileRef = EA2CC5772BE398C900B8CEA6 /* AppRepository.swift */; };
		EA2CC57A2BE39AD700B8CEA6 /* Constants.swift in Sources */ = {isa = PBXBuildFile; fileRef = EA2CC5792BE39AD700B8CEA6 /* Constants.swift */; };
		EA2CC57E2BE39D1D00B8CEA6 /* MainTabBarViewController.swift in Sources */ = {isa = PBXBuildFile; fileRef = EA2CC57C2BE39D1D00B8CEA6 /* MainTabBarViewController.swift */; };
		EA2CC5832BE3A04800B8CEA6 /* SignUpViewController.swift in Sources */ = {isa = PBXBuildFile; fileRef = EA2CC5812BE3A04800B8CEA6 /* SignUpViewController.swift */; };
		EA2CC5842BE3A04800B8CEA6 /* SignUpViewController.xib in Resources */ = {isa = PBXBuildFile; fileRef = EA2CC5822BE3A04800B8CEA6 /* SignUpViewController.xib */; };
		EABC1AB42BFC5C16003AC63D /* Comment.swift in Sources */ = {isa = PBXBuildFile; fileRef = EABC1AB32BFC5C16003AC63D /* Comment.swift */; };
		EABC1AB82BFC5FA3003AC63D /* CommentItemCell.swift in Sources */ = {isa = PBXBuildFile; fileRef = EABC1AB62BFC5FA3003AC63D /* CommentItemCell.swift */; };
		EABC1AB92BFC5FA3003AC63D /* CommentItemCell.xib in Resources */ = {isa = PBXBuildFile; fileRef = EABC1AB72BFC5FA3003AC63D /* CommentItemCell.xib */; };
		EABC1ABB2BFC7734003AC63D /* Date+ext.swift in Sources */ = {isa = PBXBuildFile; fileRef = EABC1ABA2BFC7734003AC63D /* Date+ext.swift */; };
		EACCDA7E2BFAE34B00B433EC /* PodCastViewController.swift in Sources */ = {isa = PBXBuildFile; fileRef = EACCDA7C2BFAE34B00B433EC /* PodCastViewController.swift */; };
		EACCDA7F2BFAE34B00B433EC /* PodCastViewController.xib in Resources */ = {isa = PBXBuildFile; fileRef = EACCDA7D2BFAE34B00B433EC /* PodCastViewController.xib */; };
		EACCDA812BFAF1C000B433EC /* CMTime+ext.swift in Sources */ = {isa = PBXBuildFile; fileRef = EACCDA802BFAF1C000B433EC /* CMTime+ext.swift */; };
		EACCDA8D2BFC32D700B433EC /* NewPodCastViewController.swift in Sources */ = {isa = PBXBuildFile; fileRef = EACCDA8B2BFC32D700B433EC /* NewPodCastViewController.swift */; };
		EACCDA8E2BFC32D700B433EC /* NewPodCastViewController.xib in Resources */ = {isa = PBXBuildFile; fileRef = EACCDA8C2BFC32D700B433EC /* NewPodCastViewController.xib */; };
		EACCDA922BFC424F00B433EC /* CommentPodCastViewController.swift in Sources */ = {isa = PBXBuildFile; fileRef = EACCDA902BFC424F00B433EC /* CommentPodCastViewController.swift */; };
		EACCDA932BFC424F00B433EC /* CommentPodCastViewController.xib in Resources */ = {isa = PBXBuildFile; fileRef = EACCDA912BFC424F00B433EC /* CommentPodCastViewController.xib */; };
		EAEA5B722BEA85950006CC37 /* TabBarItem.swift in Sources */ = {isa = PBXBuildFile; fileRef = EAEA5B712BEA85950006CC37 /* TabBarItem.swift */; };
		EAEA5B7C2BEA8A2B0006CC37 /* HomeViewController.swift in Sources */ = {isa = PBXBuildFile; fileRef = EAEA5B7A2BEA8A2B0006CC37 /* HomeViewController.swift */; };
		EAEA5B7D2BEA8A2B0006CC37 /* HomeViewController.xib in Resources */ = {isa = PBXBuildFile; fileRef = EAEA5B7B2BEA8A2B0006CC37 /* HomeViewController.xib */; };
		EAEA5B822BEA8A4D0006CC37 /* SearchViewController.swift in Sources */ = {isa = PBXBuildFile; fileRef = EAEA5B802BEA8A4D0006CC37 /* SearchViewController.swift */; };
		EAEA5B832BEA8A4D0006CC37 /* SearchViewController.xib in Resources */ = {isa = PBXBuildFile; fileRef = EAEA5B812BEA8A4D0006CC37 /* SearchViewController.xib */; };
		EAEA5B872BEA8A5F0006CC37 /* MyPageViewController.swift in Sources */ = {isa = PBXBuildFile; fileRef = EAEA5B852BEA8A5F0006CC37 /* MyPageViewController.swift */; };
		EAEA5B882BEA8A5F0006CC37 /* MyPageViewController.xib in Resources */ = {isa = PBXBuildFile; fileRef = EAEA5B862BEA8A5F0006CC37 /* MyPageViewController.xib */; };
		EAEA5B8A2BEA8B650006CC37 /* ReuseableView+ext.swift in Sources */ = {isa = PBXBuildFile; fileRef = EAEA5B892BEA8B650006CC37 /* ReuseableView+ext.swift */; };
		EAEA5B8C2BEA8B7E0006CC37 /* NSObject+ext.swift in Sources */ = {isa = PBXBuildFile; fileRef = EAEA5B8B2BEA8B7E0006CC37 /* NSObject+ext.swift */; };
		EAEA5B902BEA8C500006CC37 /* ProfileHeaderView.swift in Sources */ = {isa = PBXBuildFile; fileRef = EAEA5B8F2BEA8C500006CC37 /* ProfileHeaderView.swift */; };
		EAEA5B922BEA8C650006CC37 /* ProfileHeaderView.xib in Resources */ = {isa = PBXBuildFile; fileRef = EAEA5B912BEA8C650006CC37 /* ProfileHeaderView.xib */; };
		EAEA5B962BEA8F990006CC37 /* PodCastItemCell.swift in Sources */ = {isa = PBXBuildFile; fileRef = EAEA5B942BEA8F990006CC37 /* PodCastItemCell.swift */; };
		EAEA5B972BEA8F990006CC37 /* PodCastItemCell.xib in Resources */ = {isa = PBXBuildFile; fileRef = EAEA5B952BEA8F990006CC37 /* PodCastItemCell.xib */; };
		EAEA5B992BEA8FE40006CC37 /* PodCast.swift in Sources */ = {isa = PBXBuildFile; fileRef = EAEA5B982BEA8FE40006CC37 /* PodCast.swift */; };
		EAEA5B9C2BEA96480006CC37 /* Paginable.swift in Sources */ = {isa = PBXBuildFile; fileRef = EAEA5B9B2BEA96480006CC37 /* Paginable.swift */; };
		EAEA5BA32BFCF50F0006CC37 /* OtherUserViewController.swift in Sources */ = {isa = PBXBuildFile; fileRef = EAEA5BA12BFCF50F0006CC37 /* OtherUserViewController.swift */; };
		EAEA5BA42BFCF50F0006CC37 /* OtherUserViewController.xib in Resources */ = {isa = PBXBuildFile; fileRef = EAEA5BA22BFCF50F0006CC37 /* OtherUserViewController.xib */; };
		EAEA5BAB2BFCF61F0006CC37 /* OtherUserHeaderView.swift in Sources */ = {isa = PBXBuildFile; fileRef = EAEA5BAA2BFCF61F0006CC37 /* OtherUserHeaderView.swift */; };
		EAEA5BAD2BFCF6250006CC37 /* OtherUserHeaderView.xib in Resources */ = {isa = PBXBuildFile; fileRef = EAEA5BAC2BFCF6250006CC37 /* OtherUserHeaderView.xib */; };
		EAEA5BAF2BFCF6F20006CC37 /* FollowButton.swift in Sources */ = {isa = PBXBuildFile; fileRef = EAEA5BAE2BFCF6F20006CC37 /* FollowButton.swift */; };
		EAEA5BB22BFD08490006CC37 /* MenuButton.swift in Sources */ = {isa = PBXBuildFile; fileRef = EAEA5BB12BFD08490006CC37 /* MenuButton.swift */; };
		EAEA5BB52BFD09800006CC37 /* SearchUserViewController.swift in Sources */ = {isa = PBXBuildFile; fileRef = EAEA5BB32BFD09800006CC37 /* SearchUserViewController.swift */; };
		EAEA5BB62BFD09800006CC37 /* SearchUserViewController.xib in Resources */ = {isa = PBXBuildFile; fileRef = EAEA5BB42BFD09800006CC37 /* SearchUserViewController.xib */; };
		EAEA5BB92BFD098B0006CC37 /* SearchPodCastViewController.swift in Sources */ = {isa = PBXBuildFile; fileRef = EAEA5BB72BFD098B0006CC37 /* SearchPodCastViewController.swift */; };
		EAEA5BBA2BFD098B0006CC37 /* SearchPodCastViewController.xib in Resources */ = {isa = PBXBuildFile; fileRef = EAEA5BB82BFD098B0006CC37 /* SearchPodCastViewController.xib */; };
		EAEA5BBD2BFD0CCD0006CC37 /* SearchUserCell.swift in Sources */ = {isa = PBXBuildFile; fileRef = EAEA5BBB2BFD0CCD0006CC37 /* SearchUserCell.swift */; };
		EAEA5BBE2BFD0CCD0006CC37 /* SearchUserCell.xib in Resources */ = {isa = PBXBuildFile; fileRef = EAEA5BBC2BFD0CCD0006CC37 /* SearchUserCell.xib */; };
		EAEA5BC22BFD16820006CC37 /* SettingViewController.swift in Sources */ = {isa = PBXBuildFile; fileRef = EAEA5BC02BFD16820006CC37 /* SettingViewController.swift */; };
		EAEA5BC32BFD16820006CC37 /* SettingViewController.xib in Resources */ = {isa = PBXBuildFile; fileRef = EAEA5BC12BFD16820006CC37 /* SettingViewController.xib */; };
		EAEB1AE82BCD2A9B00FE5298 /* AppDelegate.swift in Sources */ = {isa = PBXBuildFile; fileRef = EAEB1AE72BCD2A9B00FE5298 /* AppDelegate.swift */; };
		EAEB1AEA2BCD2A9B00FE5298 /* SceneDelegate.swift in Sources */ = {isa = PBXBuildFile; fileRef = EAEB1AE92BCD2A9B00FE5298 /* SceneDelegate.swift */; };
		EAEB1AEF2BCD2A9B00FE5298 /* Main.storyboard in Resources */ = {isa = PBXBuildFile; fileRef = EAEB1AED2BCD2A9B00FE5298 /* Main.storyboard */; };
		EAEB1AF12BCD2A9E00FE5298 /* Assets.xcassets in Resources */ = {isa = PBXBuildFile; fileRef = EAEB1AF02BCD2A9E00FE5298 /* Assets.xcassets */; };
		EAEB1AF42BCD2A9E00FE5298 /* LaunchScreen.storyboard in Resources */ = {isa = PBXBuildFile; fileRef = EAEB1AF22BCD2A9E00FE5298 /* LaunchScreen.storyboard */; };
		EAEB1AFE2BCD2B8000FE5298 /* API.swift in Sources */ = {isa = PBXBuildFile; fileRef = EAEB1AFC2BCD2B8000FE5298 /* API.swift */; };
		EAEB1B052BCD319100FE5298 /* AuthRepository.swift in Sources */ = {isa = PBXBuildFile; fileRef = EAEB1B042BCD319100FE5298 /* AuthRepository.swift */; };
		EAEB1B072BCD319B00FE5298 /* UserRepository.swift in Sources */ = {isa = PBXBuildFile; fileRef = EAEB1B062BCD319B00FE5298 /* UserRepository.swift */; };
		EAEB1B092BCD31A800FE5298 /* PodCastRepository.swift in Sources */ = {isa = PBXBuildFile; fileRef = EAEB1B082BCD31A800FE5298 /* PodCastRepository.swift */; };
		EAEB1B0B2BCE0DC400FE5298 /* Auth.swift in Sources */ = {isa = PBXBuildFile; fileRef = EAEB1B0A2BCE0DC400FE5298 /* Auth.swift */; };
		EAEB1B0F2BCE0ED200FE5298 /* Codable+ext.swift in Sources */ = {isa = PBXBuildFile; fileRef = EAEB1B0E2BCE0ED200FE5298 /* Codable+ext.swift */; };
		EAEB1B112BCE121B00FE5298 /* User.swift in Sources */ = {isa = PBXBuildFile; fileRef = EAEB1B102BCE121B00FE5298 /* User.swift */; };
		EAEB1B152BCE688100FE5298 /* LocalData.swift in Sources */ = {isa = PBXBuildFile; fileRef = EAEB1B142BCE688100FE5298 /* LocalData.swift */; };
/* End PBXBuildFile section */

/* Begin PBXFileReference section */
		404BDE81FA649E8A9A7747AA /* Pods_podcast.framework */ = {isa = PBXFileReference; explicitFileType = wrapper.framework; includeInIndex = 0; path = Pods_podcast.framework; sourceTree = BUILT_PRODUCTS_DIR; };
		89C8349EE09C46F31DDEB646 /* Pods-podcast.release.xcconfig */ = {isa = PBXFileReference; includeInIndex = 1; lastKnownFileType = text.xcconfig; name = "Pods-podcast.release.xcconfig"; path = "Target Support Files/Pods-podcast/Pods-podcast.release.xcconfig"; sourceTree = "<group>"; };
		BF202057BDA848EA230612E7 /* Pods-podcast.debug.xcconfig */ = {isa = PBXFileReference; includeInIndex = 1; lastKnownFileType = text.xcconfig; name = "Pods-podcast.debug.xcconfig"; path = "Target Support Files/Pods-podcast/Pods-podcast.debug.xcconfig"; sourceTree = "<group>"; };
		EA2CC56B2BE3268800B8CEA6 /* LoginViewController.swift */ = {isa = PBXFileReference; lastKnownFileType = sourcecode.swift; path = LoginViewController.swift; sourceTree = "<group>"; };
		EA2CC56C2BE3268800B8CEA6 /* LoginViewController.xib */ = {isa = PBXFileReference; lastKnownFileType = file.xib; path = LoginViewController.xib; sourceTree = "<group>"; };
		EA2CC56F2BE38D0300B8CEA6 /* AppNavigator.swift */ = {isa = PBXFileReference; fileEncoding = 4; lastKnownFileType = sourcecode.swift; path = AppNavigator.swift; sourceTree = "<group>"; };
		EA2CC5712BE3901900B8CEA6 /* UIView+ext.swift */ = {isa = PBXFileReference; fileEncoding = 4; lastKnownFileType = sourcecode.swift; path = "UIView+ext.swift"; sourceTree = "<group>"; };
		EA2CC5732BE3938C00B8CEA6 /* UIViewController+ext.swift */ = {isa = PBXFileReference; lastKnownFileType = sourcecode.swift; path = "UIViewController+ext.swift"; sourceTree = "<group>"; };
		EA2CC5752BE3969900B8CEA6 /* String+ext.swift */ = {isa = PBXFileReference; lastKnownFileType = sourcecode.swift; path = "String+ext.swift"; sourceTree = "<group>"; };
		EA2CC5772BE398C900B8CEA6 /* AppRepository.swift */ = {isa = PBXFileReference; lastKnownFileType = sourcecode.swift; path = AppRepository.swift; sourceTree = "<group>"; };
		EA2CC5792BE39AD700B8CEA6 /* Constants.swift */ = {isa = PBXFileReference; lastKnownFileType = sourcecode.swift; path = Constants.swift; sourceTree = "<group>"; };
		EA2CC57C2BE39D1D00B8CEA6 /* MainTabBarViewController.swift */ = {isa = PBXFileReference; lastKnownFileType = sourcecode.swift; path = MainTabBarViewController.swift; sourceTree = "<group>"; };
		EA2CC5812BE3A04800B8CEA6 /* SignUpViewController.swift */ = {isa = PBXFileReference; lastKnownFileType = sourcecode.swift; path = SignUpViewController.swift; sourceTree = "<group>"; };
		EA2CC5822BE3A04800B8CEA6 /* SignUpViewController.xib */ = {isa = PBXFileReference; lastKnownFileType = file.xib; path = SignUpViewController.xib; sourceTree = "<group>"; };
		EABC1AB32BFC5C16003AC63D /* Comment.swift */ = {isa = PBXFileReference; lastKnownFileType = sourcecode.swift; path = Comment.swift; sourceTree = "<group>"; };
		EABC1AB62BFC5FA3003AC63D /* CommentItemCell.swift */ = {isa = PBXFileReference; lastKnownFileType = sourcecode.swift; path = CommentItemCell.swift; sourceTree = "<group>"; };
		EABC1AB72BFC5FA3003AC63D /* CommentItemCell.xib */ = {isa = PBXFileReference; lastKnownFileType = file.xib; path = CommentItemCell.xib; sourceTree = "<group>"; };
		EABC1ABA2BFC7734003AC63D /* Date+ext.swift */ = {isa = PBXFileReference; lastKnownFileType = sourcecode.swift; path = "Date+ext.swift"; sourceTree = "<group>"; };
		EACCDA7C2BFAE34B00B433EC /* PodCastViewController.swift */ = {isa = PBXFileReference; lastKnownFileType = sourcecode.swift; path = PodCastViewController.swift; sourceTree = "<group>"; };
		EACCDA7D2BFAE34B00B433EC /* PodCastViewController.xib */ = {isa = PBXFileReference; lastKnownFileType = file.xib; path = PodCastViewController.xib; sourceTree = "<group>"; };
		EACCDA802BFAF1C000B433EC /* CMTime+ext.swift */ = {isa = PBXFileReference; lastKnownFileType = sourcecode.swift; path = "CMTime+ext.swift"; sourceTree = "<group>"; };
		EACCDA8B2BFC32D700B433EC /* NewPodCastViewController.swift */ = {isa = PBXFileReference; lastKnownFileType = sourcecode.swift; path = NewPodCastViewController.swift; sourceTree = "<group>"; };
		EACCDA8C2BFC32D700B433EC /* NewPodCastViewController.xib */ = {isa = PBXFileReference; lastKnownFileType = file.xib; path = NewPodCastViewController.xib; sourceTree = "<group>"; };
		EACCDA902BFC424F00B433EC /* CommentPodCastViewController.swift */ = {isa = PBXFileReference; lastKnownFileType = sourcecode.swift; path = CommentPodCastViewController.swift; sourceTree = "<group>"; };
		EACCDA912BFC424F00B433EC /* CommentPodCastViewController.xib */ = {isa = PBXFileReference; lastKnownFileType = file.xib; path = CommentPodCastViewController.xib; sourceTree = "<group>"; };
		EAEA5B712BEA85950006CC37 /* TabBarItem.swift */ = {isa = PBXFileReference; lastKnownFileType = sourcecode.swift; path = TabBarItem.swift; sourceTree = "<group>"; };
		EAEA5B7A2BEA8A2B0006CC37 /* HomeViewController.swift */ = {isa = PBXFileReference; lastKnownFileType = sourcecode.swift; path = HomeViewController.swift; sourceTree = "<group>"; };
		EAEA5B7B2BEA8A2B0006CC37 /* HomeViewController.xib */ = {isa = PBXFileReference; lastKnownFileType = file.xib; path = HomeViewController.xib; sourceTree = "<group>"; };
		EAEA5B802BEA8A4D0006CC37 /* SearchViewController.swift */ = {isa = PBXFileReference; lastKnownFileType = sourcecode.swift; path = SearchViewController.swift; sourceTree = "<group>"; };
		EAEA5B812BEA8A4D0006CC37 /* SearchViewController.xib */ = {isa = PBXFileReference; lastKnownFileType = file.xib; path = SearchViewController.xib; sourceTree = "<group>"; };
		EAEA5B852BEA8A5F0006CC37 /* MyPageViewController.swift */ = {isa = PBXFileReference; lastKnownFileType = sourcecode.swift; path = MyPageViewController.swift; sourceTree = "<group>"; };
		EAEA5B862BEA8A5F0006CC37 /* MyPageViewController.xib */ = {isa = PBXFileReference; lastKnownFileType = file.xib; path = MyPageViewController.xib; sourceTree = "<group>"; };
		EAEA5B892BEA8B650006CC37 /* ReuseableView+ext.swift */ = {isa = PBXFileReference; lastKnownFileType = sourcecode.swift; path = "ReuseableView+ext.swift"; sourceTree = "<group>"; };
		EAEA5B8B2BEA8B7E0006CC37 /* NSObject+ext.swift */ = {isa = PBXFileReference; lastKnownFileType = sourcecode.swift; path = "NSObject+ext.swift"; sourceTree = "<group>"; };
		EAEA5B8F2BEA8C500006CC37 /* ProfileHeaderView.swift */ = {isa = PBXFileReference; lastKnownFileType = sourcecode.swift; path = ProfileHeaderView.swift; sourceTree = "<group>"; };
		EAEA5B912BEA8C650006CC37 /* ProfileHeaderView.xib */ = {isa = PBXFileReference; lastKnownFileType = file.xib; path = ProfileHeaderView.xib; sourceTree = "<group>"; };
		EAEA5B942BEA8F990006CC37 /* PodCastItemCell.swift */ = {isa = PBXFileReference; lastKnownFileType = sourcecode.swift; path = PodCastItemCell.swift; sourceTree = "<group>"; };
		EAEA5B952BEA8F990006CC37 /* PodCastItemCell.xib */ = {isa = PBXFileReference; lastKnownFileType = file.xib; path = PodCastItemCell.xib; sourceTree = "<group>"; };
		EAEA5B982BEA8FE40006CC37 /* PodCast.swift */ = {isa = PBXFileReference; lastKnownFileType = sourcecode.swift; path = PodCast.swift; sourceTree = "<group>"; };
		EAEA5B9B2BEA96480006CC37 /* Paginable.swift */ = {isa = PBXFileReference; lastKnownFileType = sourcecode.swift; path = Paginable.swift; sourceTree = "<group>"; };
		EAEA5BA12BFCF50F0006CC37 /* OtherUserViewController.swift */ = {isa = PBXFileReference; lastKnownFileType = sourcecode.swift; path = OtherUserViewController.swift; sourceTree = "<group>"; };
		EAEA5BA22BFCF50F0006CC37 /* OtherUserViewController.xib */ = {isa = PBXFileReference; lastKnownFileType = file.xib; path = OtherUserViewController.xib; sourceTree = "<group>"; };
		EAEA5BAA2BFCF61F0006CC37 /* OtherUserHeaderView.swift */ = {isa = PBXFileReference; lastKnownFileType = sourcecode.swift; path = OtherUserHeaderView.swift; sourceTree = "<group>"; };
		EAEA5BAC2BFCF6250006CC37 /* OtherUserHeaderView.xib */ = {isa = PBXFileReference; lastKnownFileType = file.xib; path = OtherUserHeaderView.xib; sourceTree = "<group>"; };
		EAEA5BAE2BFCF6F20006CC37 /* FollowButton.swift */ = {isa = PBXFileReference; lastKnownFileType = sourcecode.swift; path = FollowButton.swift; sourceTree = "<group>"; };
		EAEA5BB12BFD08490006CC37 /* MenuButton.swift */ = {isa = PBXFileReference; lastKnownFileType = sourcecode.swift; path = MenuButton.swift; sourceTree = "<group>"; };
		EAEA5BB32BFD09800006CC37 /* SearchUserViewController.swift */ = {isa = PBXFileReference; lastKnownFileType = sourcecode.swift; path = SearchUserViewController.swift; sourceTree = "<group>"; };
		EAEA5BB42BFD09800006CC37 /* SearchUserViewController.xib */ = {isa = PBXFileReference; lastKnownFileType = file.xib; path = SearchUserViewController.xib; sourceTree = "<group>"; };
		EAEA5BB72BFD098B0006CC37 /* SearchPodCastViewController.swift */ = {isa = PBXFileReference; lastKnownFileType = sourcecode.swift; path = SearchPodCastViewController.swift; sourceTree = "<group>"; };
		EAEA5BB82BFD098B0006CC37 /* SearchPodCastViewController.xib */ = {isa = PBXFileReference; lastKnownFileType = file.xib; path = SearchPodCastViewController.xib; sourceTree = "<group>"; };
		EAEA5BBB2BFD0CCD0006CC37 /* SearchUserCell.swift */ = {isa = PBXFileReference; lastKnownFileType = sourcecode.swift; path = SearchUserCell.swift; sourceTree = "<group>"; };
		EAEA5BBC2BFD0CCD0006CC37 /* SearchUserCell.xib */ = {isa = PBXFileReference; lastKnownFileType = file.xib; path = SearchUserCell.xib; sourceTree = "<group>"; };
		EAEA5BC02BFD16820006CC37 /* SettingViewController.swift */ = {isa = PBXFileReference; lastKnownFileType = sourcecode.swift; path = SettingViewController.swift; sourceTree = "<group>"; };
		EAEA5BC12BFD16820006CC37 /* SettingViewController.xib */ = {isa = PBXFileReference; lastKnownFileType = file.xib; path = SettingViewController.xib; sourceTree = "<group>"; };
		EAEB1AE42BCD2A9B00FE5298 /* podcast.app */ = {isa = PBXFileReference; explicitFileType = wrapper.application; includeInIndex = 0; path = podcast.app; sourceTree = BUILT_PRODUCTS_DIR; };
		EAEB1AE72BCD2A9B00FE5298 /* AppDelegate.swift */ = {isa = PBXFileReference; lastKnownFileType = sourcecode.swift; path = AppDelegate.swift; sourceTree = "<group>"; };
		EAEB1AE92BCD2A9B00FE5298 /* SceneDelegate.swift */ = {isa = PBXFileReference; lastKnownFileType = sourcecode.swift; path = SceneDelegate.swift; sourceTree = "<group>"; };
		EAEB1AEE2BCD2A9B00FE5298 /* Base */ = {isa = PBXFileReference; lastKnownFileType = file.storyboard; name = Base; path = Base.lproj/Main.storyboard; sourceTree = "<group>"; };
		EAEB1AF02BCD2A9E00FE5298 /* Assets.xcassets */ = {isa = PBXFileReference; lastKnownFileType = folder.assetcatalog; path = Assets.xcassets; sourceTree = "<group>"; };
		EAEB1AF32BCD2A9E00FE5298 /* Base */ = {isa = PBXFileReference; lastKnownFileType = file.storyboard; name = Base; path = Base.lproj/LaunchScreen.storyboard; sourceTree = "<group>"; };
		EAEB1AF52BCD2A9E00FE5298 /* Info.plist */ = {isa = PBXFileReference; lastKnownFileType = text.plist.xml; path = Info.plist; sourceTree = "<group>"; };
		EAEB1AFC2BCD2B8000FE5298 /* API.swift */ = {isa = PBXFileReference; fileEncoding = 4; lastKnownFileType = sourcecode.swift; path = API.swift; sourceTree = "<group>"; };
		EAEB1B042BCD319100FE5298 /* AuthRepository.swift */ = {isa = PBXFileReference; lastKnownFileType = sourcecode.swift; path = AuthRepository.swift; sourceTree = "<group>"; };
		EAEB1B062BCD319B00FE5298 /* UserRepository.swift */ = {isa = PBXFileReference; lastKnownFileType = sourcecode.swift; path = UserRepository.swift; sourceTree = "<group>"; };
		EAEB1B082BCD31A800FE5298 /* PodCastRepository.swift */ = {isa = PBXFileReference; lastKnownFileType = sourcecode.swift; path = PodCastRepository.swift; sourceTree = "<group>"; };
		EAEB1B0A2BCE0DC400FE5298 /* Auth.swift */ = {isa = PBXFileReference; lastKnownFileType = sourcecode.swift; path = Auth.swift; sourceTree = "<group>"; };
		EAEB1B0E2BCE0ED200FE5298 /* Codable+ext.swift */ = {isa = PBXFileReference; lastKnownFileType = sourcecode.swift; path = "Codable+ext.swift"; sourceTree = "<group>"; };
		EAEB1B102BCE121B00FE5298 /* User.swift */ = {isa = PBXFileReference; lastKnownFileType = sourcecode.swift; path = User.swift; sourceTree = "<group>"; };
		EAEB1B142BCE688100FE5298 /* LocalData.swift */ = {isa = PBXFileReference; lastKnownFileType = sourcecode.swift; path = LocalData.swift; sourceTree = "<group>"; };
/* End PBXFileReference section */

/* Begin PBXFrameworksBuildPhase section */
		EAEB1AE12BCD2A9B00FE5298 /* Frameworks */ = {
			isa = PBXFrameworksBuildPhase;
			buildActionMask = 2147483647;
			files = (
				3124CA41581989B28C439319 /* Pods_podcast.framework in Frameworks */,
			);
			runOnlyForDeploymentPostprocessing = 0;
		};
/* End PBXFrameworksBuildPhase section */

/* Begin PBXGroup section */
		3966D7BD8C2947CF98B04D76 /* Pods */ = {
			isa = PBXGroup;
			children = (
				BF202057BDA848EA230612E7 /* Pods-podcast.debug.xcconfig */,
				89C8349EE09C46F31DDEB646 /* Pods-podcast.release.xcconfig */,
			);
			path = Pods;
			sourceTree = "<group>";
		};
		3F177CEDA45EAC1CEFA688C0 /* Frameworks */ = {
			isa = PBXGroup;
			children = (
				404BDE81FA649E8A9A7747AA /* Pods_podcast.framework */,
			);
			name = Frameworks;
			sourceTree = "<group>";
		};
		EA2CC56A2BE3266000B8CEA6 /* Login */ = {
			isa = PBXGroup;
			children = (
				EA2CC56B2BE3268800B8CEA6 /* LoginViewController.swift */,
				EA2CC56C2BE3268800B8CEA6 /* LoginViewController.xib */,
			);
			path = Login;
			sourceTree = "<group>";
		};
		EA2CC57B2BE39D0800B8CEA6 /* Main */ = {
			isa = PBXGroup;
			children = (
				EA2CC57C2BE39D1D00B8CEA6 /* MainTabBarViewController.swift */,
				EAEA5B712BEA85950006CC37 /* TabBarItem.swift */,
			);
			path = Main;
			sourceTree = "<group>";
		};
		EA2CC5802BE3A03400B8CEA6 /* SignUp */ = {
			isa = PBXGroup;
			children = (
				EA2CC5812BE3A04800B8CEA6 /* SignUpViewController.swift */,
				EA2CC5822BE3A04800B8CEA6 /* SignUpViewController.xib */,
			);
			path = SignUp;
			sourceTree = "<group>";
		};
		EA4091982C1E912300836BB3 /* Resources */ = {
			isa = PBXGroup;
			children = (
				EAEB1AE72BCD2A9B00FE5298 /* AppDelegate.swift */,
				EAEB1AE92BCD2A9B00FE5298 /* SceneDelegate.swift */,
				EAEB1AED2BCD2A9B00FE5298 /* Main.storyboard */,
				EAEB1AF02BCD2A9E00FE5298 /* Assets.xcassets */,
				EAEB1AF22BCD2A9E00FE5298 /* LaunchScreen.storyboard */,
				EAEB1AF52BCD2A9E00FE5298 /* Info.plist */,
			);
			path = Resources;
			sourceTree = "<group>";
		};
		EABC1AB52BFC5F8B003AC63D /* CommentItem */ = {
			isa = PBXGroup;
			children = (
				EABC1AB62BFC5FA3003AC63D /* CommentItemCell.swift */,
				EABC1AB72BFC5FA3003AC63D /* CommentItemCell.xib */,
			);
			path = CommentItem;
			sourceTree = "<group>";
		};
		EACCDA7B2BFAE21900B433EC /* PodCast */ = {
			isa = PBXGroup;
			children = (
				EACCDA7C2BFAE34B00B433EC /* PodCastViewController.swift */,
				EACCDA7D2BFAE34B00B433EC /* PodCastViewController.xib */,
			);
			path = PodCast;
			sourceTree = "<group>";
		};
		EACCDA8A2BFC32C200B433EC /* NewPodCast */ = {
			isa = PBXGroup;
			children = (
				EACCDA8B2BFC32D700B433EC /* NewPodCastViewController.swift */,
				EACCDA8C2BFC32D700B433EC /* NewPodCastViewController.xib */,
			);
			path = NewPodCast;
			sourceTree = "<group>";
		};
		EACCDA8F2BFC423A00B433EC /* Comment */ = {
			isa = PBXGroup;
			children = (
				EACCDA902BFC424F00B433EC /* CommentPodCastViewController.swift */,
				EACCDA912BFC424F00B433EC /* CommentPodCastViewController.xib */,
			);
			path = Comment;
			sourceTree = "<group>";
		};
		EAEA5B792BEA8A160006CC37 /* Home */ = {
			isa = PBXGroup;
			children = (
				EAEA5B7A2BEA8A2B0006CC37 /* HomeViewController.swift */,
				EAEA5B7B2BEA8A2B0006CC37 /* HomeViewController.xib */,
			);
			path = Home;
			sourceTree = "<group>";
		};
		EAEA5B7F2BEA8A330006CC37 /* Search */ = {
			isa = PBXGroup;
			children = (
				EAEA5BB72BFD098B0006CC37 /* SearchPodCastViewController.swift */,
				EAEA5BB82BFD098B0006CC37 /* SearchPodCastViewController.xib */,
				EAEA5BB32BFD09800006CC37 /* SearchUserViewController.swift */,
				EAEA5BB42BFD09800006CC37 /* SearchUserViewController.xib */,
				EAEA5B802BEA8A4D0006CC37 /* SearchViewController.swift */,
				EAEA5B812BEA8A4D0006CC37 /* SearchViewController.xib */,
			);
			path = Search;
			sourceTree = "<group>";
		};
		EAEA5B842BEA8A500006CC37 /* MyPage */ = {
			isa = PBXGroup;
			children = (
				EAEA5B852BEA8A5F0006CC37 /* MyPageViewController.swift */,
				EAEA5B862BEA8A5F0006CC37 /* MyPageViewController.xib */,
			);
			path = MyPage;
			sourceTree = "<group>";
		};
		EAEA5B8D2BEA8C270006CC37 /* Component */ = {
			isa = PBXGroup;
			children = (
				EAEA5BB02BFD08400006CC37 /* Search */,
				EAEA5BA52BFCF5C30006CC37 /* OtherUserHeaderView */,
				EABC1AB52BFC5F8B003AC63D /* CommentItem */,
				EAEA5B9A2BEA963C0006CC37 /* Paginable */,
				EAEA5B932BEA8F720006CC37 /* PodCastItem */,
				EAEA5B8E2BEA8C370006CC37 /* ProfileHeaderView */,
			);
			path = Component;
			sourceTree = "<group>";
		};
		EAEA5B8E2BEA8C370006CC37 /* ProfileHeaderView */ = {
			isa = PBXGroup;
			children = (
				EAEA5B8F2BEA8C500006CC37 /* ProfileHeaderView.swift */,
				EAEA5B912BEA8C650006CC37 /* ProfileHeaderView.xib */,
			);
			path = ProfileHeaderView;
			sourceTree = "<group>";
		};
		EAEA5B932BEA8F720006CC37 /* PodCastItem */ = {
			isa = PBXGroup;
			children = (
				EAEA5B942BEA8F990006CC37 /* PodCastItemCell.swift */,
				EAEA5B952BEA8F990006CC37 /* PodCastItemCell.xib */,
			);
			path = PodCastItem;
			sourceTree = "<group>";
		};
		EAEA5B9A2BEA963C0006CC37 /* Paginable */ = {
			isa = PBXGroup;
			children = (
				EAEA5B9B2BEA96480006CC37 /* Paginable.swift */,
			);
			path = Paginable;
			sourceTree = "<group>";
		};
		EAEA5BA02BFCF4F90006CC37 /* OtherUser */ = {
			isa = PBXGroup;
			children = (
				EAEA5BA12BFCF50F0006CC37 /* OtherUserViewController.swift */,
				EAEA5BA22BFCF50F0006CC37 /* OtherUserViewController.xib */,
			);
			path = OtherUser;
			sourceTree = "<group>";
		};
		EAEA5BA52BFCF5C30006CC37 /* OtherUserHeaderView */ = {
			isa = PBXGroup;
			children = (
				EAEA5BAA2BFCF61F0006CC37 /* OtherUserHeaderView.swift */,
				EAEA5BAC2BFCF6250006CC37 /* OtherUserHeaderView.xib */,
				EAEA5BAE2BFCF6F20006CC37 /* FollowButton.swift */,
			);
			path = OtherUserHeaderView;
			sourceTree = "<group>";
		};
		EAEA5BB02BFD08400006CC37 /* Search */ = {
			isa = PBXGroup;
			children = (
				EAEA5BB12BFD08490006CC37 /* MenuButton.swift */,
				EAEA5BBB2BFD0CCD0006CC37 /* SearchUserCell.swift */,
				EAEA5BBC2BFD0CCD0006CC37 /* SearchUserCell.xib */,
			);
			path = Search;
			sourceTree = "<group>";
		};
		EAEA5BBF2BFD16700006CC37 /* Settings */ = {
			isa = PBXGroup;
			children = (
				EAEA5BC02BFD16820006CC37 /* SettingViewController.swift */,
				EAEA5BC12BFD16820006CC37 /* SettingViewController.xib */,
			);
			path = Settings;
			sourceTree = "<group>";
		};
		EAEB1ADB2BCD2A9B00FE5298 = {
			isa = PBXGroup;
			children = (
				EAEB1AE62BCD2A9B00FE5298 /* podcast */,
				EAEB1AE52BCD2A9B00FE5298 /* Products */,
				3966D7BD8C2947CF98B04D76 /* Pods */,
				3F177CEDA45EAC1CEFA688C0 /* Frameworks */,
			);
			sourceTree = "<group>";
		};
		EAEB1AE52BCD2A9B00FE5298 /* Products */ = {
			isa = PBXGroup;
			children = (
				EAEB1AE42BCD2A9B00FE5298 /* podcast.app */,
			);
			name = Products;
			sourceTree = "<group>";
		};
		EAEB1AE62BCD2A9B00FE5298 /* podcast */ = {
			isa = PBXGroup;
			children = (
				EA4091982C1E912300836BB3 /* Resources */,
				EAEA5B8D2BEA8C270006CC37 /* Component */,
				EAEB1B0C2BCE0EB400FE5298 /* Ultils */,
				EAEB1B022BCD30E900FE5298 /* Repository */,
				EAEB1B012BCD30E400FE5298 /* Model */,
				EAEB1B002BCD30DE00FE5298 /* Screen */,
				EAEB1AFB2BCD2B8000FE5298 /* API */,
			);
			path = podcast;
			sourceTree = "<group>";
		};
		EAEB1AFB2BCD2B8000FE5298 /* API */ = {
			isa = PBXGroup;
			children = (
				EAEB1AFC2BCD2B8000FE5298 /* API.swift */,
			);
			path = API;
			sourceTree = "<group>";
		};
		EAEB1B002BCD30DE00FE5298 /* Screen */ = {
			isa = PBXGroup;
			children = (
				EAEA5BBF2BFD16700006CC37 /* Settings */,
				EAEA5BA02BFCF4F90006CC37 /* OtherUser */,
				EACCDA8F2BFC423A00B433EC /* Comment */,
				EACCDA8A2BFC32C200B433EC /* NewPodCast */,
				EACCDA7B2BFAE21900B433EC /* PodCast */,
				EAEA5B842BEA8A500006CC37 /* MyPage */,
				EAEA5B7F2BEA8A330006CC37 /* Search */,
				EAEA5B792BEA8A160006CC37 /* Home */,
				EA2CC5802BE3A03400B8CEA6 /* SignUp */,
				EA2CC57B2BE39D0800B8CEA6 /* Main */,
				EA2CC56A2BE3266000B8CEA6 /* Login */,
			);
			path = Screen;
			sourceTree = "<group>";
		};
		EAEB1B012BCD30E400FE5298 /* Model */ = {
			isa = PBXGroup;
			children = (
				EAEB1B0A2BCE0DC400FE5298 /* Auth.swift */,
				EAEB1B102BCE121B00FE5298 /* User.swift */,
				EAEA5B982BEA8FE40006CC37 /* PodCast.swift */,
				EABC1AB32BFC5C16003AC63D /* Comment.swift */,
			);
			path = Model;
			sourceTree = "<group>";
		};
		EAEB1B022BCD30E900FE5298 /* Repository */ = {
			isa = PBXGroup;
			children = (
				EAEB1B042BCD319100FE5298 /* AuthRepository.swift */,
				EAEB1B062BCD319B00FE5298 /* UserRepository.swift */,
				EAEB1B082BCD31A800FE5298 /* PodCastRepository.swift */,
				EAEB1B142BCE688100FE5298 /* LocalData.swift */,
				EA2CC5772BE398C900B8CEA6 /* AppRepository.swift */,
			);
			path = Repository;
			sourceTree = "<group>";
		};
		EAEB1B0C2BCE0EB400FE5298 /* Ultils */ = {
			isa = PBXGroup;
			children = (
				EA2CC56F2BE38D0300B8CEA6 /* AppNavigator.swift */,
				EA2CC5792BE39AD700B8CEA6 /* Constants.swift */,
				EAEB1B0D2BCE0EC100FE5298 /* Extension */,
			);
			path = Ultils;
			sourceTree = "<group>";
		};
		EAEB1B0D2BCE0EC100FE5298 /* Extension */ = {
			isa = PBXGroup;
			children = (
				EA2CC5712BE3901900B8CEA6 /* UIView+ext.swift */,
				EAEB1B0E2BCE0ED200FE5298 /* Codable+ext.swift */,
				EA2CC5732BE3938C00B8CEA6 /* UIViewController+ext.swift */,
				EA2CC5752BE3969900B8CEA6 /* String+ext.swift */,
				EAEA5B892BEA8B650006CC37 /* ReuseableView+ext.swift */,
				EAEA5B8B2BEA8B7E0006CC37 /* NSObject+ext.swift */,
				EACCDA802BFAF1C000B433EC /* CMTime+ext.swift */,
				EABC1ABA2BFC7734003AC63D /* Date+ext.swift */,
			);
			path = Extension;
			sourceTree = "<group>";
		};
/* End PBXGroup section */

/* Begin PBXNativeTarget section */
		EAEB1AE32BCD2A9B00FE5298 /* podcast */ = {
			isa = PBXNativeTarget;
			buildConfigurationList = EAEB1AF82BCD2A9E00FE5298 /* Build configuration list for PBXNativeTarget "podcast" */;
			buildPhases = (
				65ED0F054659475C3B950F67 /* [CP] Check Pods Manifest.lock */,
				EAEB1AE02BCD2A9B00FE5298 /* Sources */,
				EAEB1AE12BCD2A9B00FE5298 /* Frameworks */,
				EAEB1AE22BCD2A9B00FE5298 /* Resources */,
				D272B8E5048CD0FD887E0532 /* [CP] Embed Pods Frameworks */,
			);
			buildRules = (
			);
			dependencies = (
			);
			name = podcast;
			productName = podcast;
			productReference = EAEB1AE42BCD2A9B00FE5298 /* podcast.app */;
			productType = "com.apple.product-type.application";
		};
/* End PBXNativeTarget section */

/* Begin PBXProject section */
		EAEB1ADC2BCD2A9B00FE5298 /* Project object */ = {
			isa = PBXProject;
			attributes = {
				BuildIndependentTargetsInParallel = 1;
				LastSwiftUpdateCheck = 1500;
				LastUpgradeCheck = 1500;
				TargetAttributes = {
					EAEB1AE32BCD2A9B00FE5298 = {
						CreatedOnToolsVersion = 15.0.1;
					};
				};
			};
			buildConfigurationList = EAEB1ADF2BCD2A9B00FE5298 /* Build configuration list for PBXProject "podcast" */;
			compatibilityVersion = "Xcode 14.0";
			developmentRegion = en;
			hasScannedForEncodings = 0;
			knownRegions = (
				en,
				Base,
			);
			mainGroup = EAEB1ADB2BCD2A9B00FE5298;
			productRefGroup = EAEB1AE52BCD2A9B00FE5298 /* Products */;
			projectDirPath = "";
			projectRoot = "";
			targets = (
				EAEB1AE32BCD2A9B00FE5298 /* podcast */,
			);
		};
/* End PBXProject section */

/* Begin PBXResourcesBuildPhase section */
		EAEB1AE22BCD2A9B00FE5298 /* Resources */ = {
			isa = PBXResourcesBuildPhase;
			buildActionMask = 2147483647;
			files = (
				EA2CC56E2BE3268800B8CEA6 /* LoginViewController.xib in Resources */,
				EAEA5BB62BFD09800006CC37 /* SearchUserViewController.xib in Resources */,
				EAEB1AF42BCD2A9E00FE5298 /* LaunchScreen.storyboard in Resources */,
				EAEB1AF12BCD2A9E00FE5298 /* Assets.xcassets in Resources */,
				EAEA5B882BEA8A5F0006CC37 /* MyPageViewController.xib in Resources */,
				EA2CC5842BE3A04800B8CEA6 /* SignUpViewController.xib in Resources */,
				EAEA5BBE2BFD0CCD0006CC37 /* SearchUserCell.xib in Resources */,
				EAEB1AEF2BCD2A9B00FE5298 /* Main.storyboard in Resources */,
				EAEA5B7D2BEA8A2B0006CC37 /* HomeViewController.xib in Resources */,
				EAEA5B972BEA8F990006CC37 /* PodCastItemCell.xib in Resources */,
				EAEA5BBA2BFD098B0006CC37 /* SearchPodCastViewController.xib in Resources */,
				EAEA5BC32BFD16820006CC37 /* SettingViewController.xib in Resources */,
				EACCDA8E2BFC32D700B433EC /* NewPodCastViewController.xib in Resources */,
				EAEA5B922BEA8C650006CC37 /* ProfileHeaderView.xib in Resources */,
				EACCDA7F2BFAE34B00B433EC /* PodCastViewController.xib in Resources */,
				EACCDA932BFC424F00B433EC /* CommentPodCastViewController.xib in Resources */,
				EABC1AB92BFC5FA3003AC63D /* CommentItemCell.xib in Resources */,
				EAEA5BAD2BFCF6250006CC37 /* OtherUserHeaderView.xib in Resources */,
				EAEA5BA42BFCF50F0006CC37 /* OtherUserViewController.xib in Resources */,
				EAEA5B832BEA8A4D0006CC37 /* SearchViewController.xib in Resources */,
			);
			runOnlyForDeploymentPostprocessing = 0;
		};
/* End PBXResourcesBuildPhase section */

/* Begin PBXShellScriptBuildPhase section */
		65ED0F054659475C3B950F67 /* [CP] Check Pods Manifest.lock */ = {
			isa = PBXShellScriptBuildPhase;
			buildActionMask = 2147483647;
			files = (
			);
			inputFileListPaths = (
			);
			inputPaths = (
				"${PODS_PODFILE_DIR_PATH}/Podfile.lock",
				"${PODS_ROOT}/Manifest.lock",
			);
			name = "[CP] Check Pods Manifest.lock";
			outputFileListPaths = (
			);
			outputPaths = (
				"$(DERIVED_FILE_DIR)/Pods-podcast-checkManifestLockResult.txt",
			);
			runOnlyForDeploymentPostprocessing = 0;
			shellPath = /bin/sh;
			shellScript = "diff \"${PODS_PODFILE_DIR_PATH}/Podfile.lock\" \"${PODS_ROOT}/Manifest.lock\" > /dev/null\nif [ $? != 0 ] ; then\n    # print error to STDERR\n    echo \"error: The sandbox is not in sync with the Podfile.lock. Run 'pod install' or update your CocoaPods installation.\" >&2\n    exit 1\nfi\n# This output is used by Xcode 'outputs' to avoid re-running this script phase.\necho \"SUCCESS\" > \"${SCRIPT_OUTPUT_FILE_0}\"\n";
			showEnvVarsInLog = 0;
		};
		D272B8E5048CD0FD887E0532 /* [CP] Embed Pods Frameworks */ = {
			isa = PBXShellScriptBuildPhase;
			buildActionMask = 2147483647;
			files = (
			);
			inputFileListPaths = (
				"${PODS_ROOT}/Target Support Files/Pods-podcast/Pods-podcast-frameworks-${CONFIGURATION}-input-files.xcfilelist",
			);
			name = "[CP] Embed Pods Frameworks";
			outputFileListPaths = (
				"${PODS_ROOT}/Target Support Files/Pods-podcast/Pods-podcast-frameworks-${CONFIGURATION}-output-files.xcfilelist",
			);
			runOnlyForDeploymentPostprocessing = 0;
			shellPath = /bin/sh;
			shellScript = "\"${PODS_ROOT}/Target Support Files/Pods-podcast/Pods-podcast-frameworks.sh\"\n";
			showEnvVarsInLog = 0;
		};
/* End PBXShellScriptBuildPhase section */

/* Begin PBXSourcesBuildPhase section */
		EAEB1AE02BCD2A9B00FE5298 /* Sources */ = {
			isa = PBXSourcesBuildPhase;
			buildActionMask = 2147483647;
			files = (
				EA2CC56D2BE3268800B8CEA6 /* LoginViewController.swift in Sources */,
				EAEA5B722BEA85950006CC37 /* TabBarItem.swift in Sources */,
				EAEA5B8C2BEA8B7E0006CC37 /* NSObject+ext.swift in Sources */,
				EAEA5B8A2BEA8B650006CC37 /* ReuseableView+ext.swift in Sources */,
				EAEA5BC22BFD16820006CC37 /* SettingViewController.swift in Sources */,
				EAEB1AE82BCD2A9B00FE5298 /* AppDelegate.swift in Sources */,
				EACCDA812BFAF1C000B433EC /* CMTime+ext.swift in Sources */,
				EA2CC5742BE3938C00B8CEA6 /* UIViewController+ext.swift in Sources */,
				EA2CC5722BE3901900B8CEA6 /* UIView+ext.swift in Sources */,
				EAEB1B072BCD319B00FE5298 /* UserRepository.swift in Sources */,
				EABC1AB82BFC5FA3003AC63D /* CommentItemCell.swift in Sources */,
				EABC1AB42BFC5C16003AC63D /* Comment.swift in Sources */,
				EAEA5BBD2BFD0CCD0006CC37 /* SearchUserCell.swift in Sources */,
				EAEA5B872BEA8A5F0006CC37 /* MyPageViewController.swift in Sources */,
				EAEA5B7C2BEA8A2B0006CC37 /* HomeViewController.swift in Sources */,
				EAEB1B0F2BCE0ED200FE5298 /* Codable+ext.swift in Sources */,
				EACCDA7E2BFAE34B00B433EC /* PodCastViewController.swift in Sources */,
				EAEA5BA32BFCF50F0006CC37 /* OtherUserViewController.swift in Sources */,
				EAEA5BB92BFD098B0006CC37 /* SearchPodCastViewController.swift in Sources */,
				EAEB1AFE2BCD2B8000FE5298 /* API.swift in Sources */,
				EAEA5B962BEA8F990006CC37 /* PodCastItemCell.swift in Sources */,
				EAEB1B052BCD319100FE5298 /* AuthRepository.swift in Sources */,
				EAEA5BB22BFD08490006CC37 /* MenuButton.swift in Sources */,
				EACCDA8D2BFC32D700B433EC /* NewPodCastViewController.swift in Sources */,
				EAEB1B0B2BCE0DC400FE5298 /* Auth.swift in Sources */,
				EA2CC5782BE398C900B8CEA6 /* AppRepository.swift in Sources */,
				EAEA5B822BEA8A4D0006CC37 /* SearchViewController.swift in Sources */,
				EAEB1AEA2BCD2A9B00FE5298 /* SceneDelegate.swift in Sources */,
				EAEA5B9C2BEA96480006CC37 /* Paginable.swift in Sources */,
				EACCDA922BFC424F00B433EC /* CommentPodCastViewController.swift in Sources */,
				EA2CC57E2BE39D1D00B8CEA6 /* MainTabBarViewController.swift in Sources */,
				EA2CC5702BE38D0300B8CEA6 /* AppNavigator.swift in Sources */,
				EA2CC5832BE3A04800B8CEA6 /* SignUpViewController.swift in Sources */,
				EAEA5BB52BFD09800006CC37 /* SearchUserViewController.swift in Sources */,
				EAEA5BAB2BFCF61F0006CC37 /* OtherUserHeaderView.swift in Sources */,
				EAEB1B112BCE121B00FE5298 /* User.swift in Sources */,
				EAEA5B902BEA8C500006CC37 /* ProfileHeaderView.swift in Sources */,
				EAEB1B152BCE688100FE5298 /* LocalData.swift in Sources */,
				EA2CC5762BE3969900B8CEA6 /* String+ext.swift in Sources */,
				EAEB1B092BCD31A800FE5298 /* PodCastRepository.swift in Sources */,
				EAEA5BAF2BFCF6F20006CC37 /* FollowButton.swift in Sources */,
				EAEA5B992BEA8FE40006CC37 /* PodCast.swift in Sources */,
				EA2CC57A2BE39AD700B8CEA6 /* Constants.swift in Sources */,
				EABC1ABB2BFC7734003AC63D /* Date+ext.swift in Sources */,
			);
			runOnlyForDeploymentPostprocessing = 0;
		};
/* End PBXSourcesBuildPhase section */

/* Begin PBXVariantGroup section */
		EAEB1AED2BCD2A9B00FE5298 /* Main.storyboard */ = {
			isa = PBXVariantGroup;
			children = (
				EAEB1AEE2BCD2A9B00FE5298 /* Base */,
			);
			name = Main.storyboard;
			sourceTree = "<group>";
		};
		EAEB1AF22BCD2A9E00FE5298 /* LaunchScreen.storyboard */ = {
			isa = PBXVariantGroup;
			children = (
				EAEB1AF32BCD2A9E00FE5298 /* Base */,
			);
			name = LaunchScreen.storyboard;
			sourceTree = "<group>";
		};
/* End PBXVariantGroup section */

/* Begin XCBuildConfiguration section */
		EAEB1AF62BCD2A9E00FE5298 /* Debug */ = {
			isa = XCBuildConfiguration;
			buildSettings = {
				ALWAYS_SEARCH_USER_PATHS = NO;
				ASSETCATALOG_COMPILER_GENERATE_SWIFT_ASSET_SYMBOL_EXTENSIONS = YES;
				CLANG_ANALYZER_NONNULL = YES;
				CLANG_ANALYZER_NUMBER_OBJECT_CONVERSION = YES_AGGRESSIVE;
				CLANG_CXX_LANGUAGE_STANDARD = "gnu++20";
				CLANG_ENABLE_MODULES = YES;
				CLANG_ENABLE_OBJC_ARC = YES;
				CLANG_ENABLE_OBJC_WEAK = YES;
				CLANG_WARN_BLOCK_CAPTURE_AUTORELEASING = YES;
				CLANG_WARN_BOOL_CONVERSION = YES;
				CLANG_WARN_COMMA = YES;
				CLANG_WARN_CONSTANT_CONVERSION = YES;
				CLANG_WARN_DEPRECATED_OBJC_IMPLEMENTATIONS = YES;
				CLANG_WARN_DIRECT_OBJC_ISA_USAGE = YES_ERROR;
				CLANG_WARN_DOCUMENTATION_COMMENTS = YES;
				CLANG_WARN_EMPTY_BODY = YES;
				CLANG_WARN_ENUM_CONVERSION = YES;
				CLANG_WARN_INFINITE_RECURSION = YES;
				CLANG_WARN_INT_CONVERSION = YES;
				CLANG_WARN_NON_LITERAL_NULL_CONVERSION = YES;
				CLANG_WARN_OBJC_IMPLICIT_RETAIN_SELF = YES;
				CLANG_WARN_OBJC_LITERAL_CONVERSION = YES;
				CLANG_WARN_OBJC_ROOT_CLASS = YES_ERROR;
				CLANG_WARN_QUOTED_INCLUDE_IN_FRAMEWORK_HEADER = YES;
				CLANG_WARN_RANGE_LOOP_ANALYSIS = YES;
				CLANG_WARN_STRICT_PROTOTYPES = YES;
				CLANG_WARN_SUSPICIOUS_MOVE = YES;
				CLANG_WARN_UNGUARDED_AVAILABILITY = YES_AGGRESSIVE;
				CLANG_WARN_UNREACHABLE_CODE = YES;
				CLANG_WARN__DUPLICATE_METHOD_MATCH = YES;
				COPY_PHASE_STRIP = NO;
				DEBUG_INFORMATION_FORMAT = dwarf;
				ENABLE_STRICT_OBJC_MSGSEND = YES;
				ENABLE_TESTABILITY = YES;
				ENABLE_USER_SCRIPT_SANDBOXING = NO;
				GCC_C_LANGUAGE_STANDARD = gnu17;
				GCC_DYNAMIC_NO_PIC = NO;
				GCC_NO_COMMON_BLOCKS = YES;
				GCC_OPTIMIZATION_LEVEL = 0;
				GCC_PREPROCESSOR_DEFINITIONS = (
					"DEBUG=1",
					"$(inherited)",
				);
				GCC_WARN_64_TO_32_BIT_CONVERSION = YES;
				GCC_WARN_ABOUT_RETURN_TYPE = YES_ERROR;
				GCC_WARN_UNDECLARED_SELECTOR = YES;
				GCC_WARN_UNINITIALIZED_AUTOS = YES_AGGRESSIVE;
				GCC_WARN_UNUSED_FUNCTION = YES;
				GCC_WARN_UNUSED_VARIABLE = YES;
				IPHONEOS_DEPLOYMENT_TARGET = 17.0;
				LOCALIZATION_PREFERS_STRING_CATALOGS = YES;
				MTL_ENABLE_DEBUG_INFO = INCLUDE_SOURCE;
				MTL_FAST_MATH = YES;
				ONLY_ACTIVE_ARCH = YES;
				SDKROOT = iphoneos;
				SWIFT_ACTIVE_COMPILATION_CONDITIONS = "DEBUG $(inherited)";
				SWIFT_OPTIMIZATION_LEVEL = "-Onone";
			};
			name = Debug;
		};
		EAEB1AF72BCD2A9E00FE5298 /* Release */ = {
			isa = XCBuildConfiguration;
			buildSettings = {
				ALWAYS_SEARCH_USER_PATHS = NO;
				ASSETCATALOG_COMPILER_GENERATE_SWIFT_ASSET_SYMBOL_EXTENSIONS = YES;
				CLANG_ANALYZER_NONNULL = YES;
				CLANG_ANALYZER_NUMBER_OBJECT_CONVERSION = YES_AGGRESSIVE;
				CLANG_CXX_LANGUAGE_STANDARD = "gnu++20";
				CLANG_ENABLE_MODULES = YES;
				CLANG_ENABLE_OBJC_ARC = YES;
				CLANG_ENABLE_OBJC_WEAK = YES;
				CLANG_WARN_BLOCK_CAPTURE_AUTORELEASING = YES;
				CLANG_WARN_BOOL_CONVERSION = YES;
				CLANG_WARN_COMMA = YES;
				CLANG_WARN_CONSTANT_CONVERSION = YES;
				CLANG_WARN_DEPRECATED_OBJC_IMPLEMENTATIONS = YES;
				CLANG_WARN_DIRECT_OBJC_ISA_USAGE = YES_ERROR;
				CLANG_WARN_DOCUMENTATION_COMMENTS = YES;
				CLANG_WARN_EMPTY_BODY = YES;
				CLANG_WARN_ENUM_CONVERSION = YES;
				CLANG_WARN_INFINITE_RECURSION = YES;
				CLANG_WARN_INT_CONVERSION = YES;
				CLANG_WARN_NON_LITERAL_NULL_CONVERSION = YES;
				CLANG_WARN_OBJC_IMPLICIT_RETAIN_SELF = YES;
				CLANG_WARN_OBJC_LITERAL_CONVERSION = YES;
				CLANG_WARN_OBJC_ROOT_CLASS = YES_ERROR;
				CLANG_WARN_QUOTED_INCLUDE_IN_FRAMEWORK_HEADER = YES;
				CLANG_WARN_RANGE_LOOP_ANALYSIS = YES;
				CLANG_WARN_STRICT_PROTOTYPES = YES;
				CLANG_WARN_SUSPICIOUS_MOVE = YES;
				CLANG_WARN_UNGUARDED_AVAILABILITY = YES_AGGRESSIVE;
				CLANG_WARN_UNREACHABLE_CODE = YES;
				CLANG_WARN__DUPLICATE_METHOD_MATCH = YES;
				COPY_PHASE_STRIP = NO;
				DEBUG_INFORMATION_FORMAT = "dwarf-with-dsym";
				ENABLE_NS_ASSERTIONS = NO;
				ENABLE_STRICT_OBJC_MSGSEND = YES;
				ENABLE_USER_SCRIPT_SANDBOXING = NO;
				GCC_C_LANGUAGE_STANDARD = gnu17;
				GCC_NO_COMMON_BLOCKS = YES;
				GCC_WARN_64_TO_32_BIT_CONVERSION = YES;
				GCC_WARN_ABOUT_RETURN_TYPE = YES_ERROR;
				GCC_WARN_UNDECLARED_SELECTOR = YES;
				GCC_WARN_UNINITIALIZED_AUTOS = YES_AGGRESSIVE;
				GCC_WARN_UNUSED_FUNCTION = YES;
				GCC_WARN_UNUSED_VARIABLE = YES;
				IPHONEOS_DEPLOYMENT_TARGET = 17.0;
				LOCALIZATION_PREFERS_STRING_CATALOGS = YES;
				MTL_ENABLE_DEBUG_INFO = NO;
				MTL_FAST_MATH = YES;
				SDKROOT = iphoneos;
				SWIFT_COMPILATION_MODE = wholemodule;
				VALIDATE_PRODUCT = YES;
			};
			name = Release;
		};
		EAEB1AF92BCD2A9E00FE5298 /* Debug */ = {
			isa = XCBuildConfiguration;
			baseConfigurationReference = BF202057BDA848EA230612E7 /* Pods-podcast.debug.xcconfig */;
			buildSettings = {
				ASSETCATALOG_COMPILER_APPICON_NAME = AppIcon;
				ASSETCATALOG_COMPILER_GLOBAL_ACCENT_COLOR_NAME = AccentColor;
				CODE_SIGN_STYLE = Automatic;
				CURRENT_PROJECT_VERSION = 1;
				DEVELOPMENT_TEAM = XYXUS3QG9G;
				EXCLUDED_ARCHS = "";
				"EXCLUDED_ARCHS[sdk=iphonesimulator*]" = arm64;
				FRAMEWORK_SEARCH_PATHS = (
					"$(inherited)",
					"$(PROJECT_DIR)",
				);
				GENERATE_INFOPLIST_FILE = YES;
				INFOPLIST_FILE = podcast/Resources/Info.plist;
				INFOPLIST_KEY_CFBundleDisplayName = Podcast;
				INFOPLIST_KEY_UIApplicationSupportsIndirectInputEvents = YES;
				INFOPLIST_KEY_UILaunchStoryboardName = LaunchScreen;
				INFOPLIST_KEY_UIMainStoryboardFile = Main;
				INFOPLIST_KEY_UISupportedInterfaceOrientations = UIInterfaceOrientationPortrait;
				LD_RUNPATH_SEARCH_PATHS = (
					"$(inherited)",
					"@executable_path/Frameworks",
				);
				MARKETING_VERSION = 1.0;
				ONLY_ACTIVE_ARCH = NO;
				PRODUCT_BUNDLE_IDENTIFIER = com.actvn.hieunt.podcast;
				PRODUCT_NAME = "$(TARGET_NAME)";
				SUPPORTED_PLATFORMS = "iphoneos iphonesimulator";
				SUPPORTS_MACCATALYST = NO;
				SUPPORTS_MAC_DESIGNED_FOR_IPHONE_IPAD = NO;
				SUPPORTS_XR_DESIGNED_FOR_IPHONE_IPAD = NO;
				SWIFT_EMIT_LOC_STRINGS = YES;
				SWIFT_VERSION = 5.0;
				TARGETED_DEVICE_FAMILY = "1,2";
			};
			name = Debug;
		};
		EAEB1AFA2BCD2A9E00FE5298 /* Release */ = {
			isa = XCBuildConfiguration;
			baseConfigurationReference = 89C8349EE09C46F31DDEB646 /* Pods-podcast.release.xcconfig */;
			buildSettings = {
				ASSETCATALOG_COMPILER_APPICON_NAME = AppIcon;
				ASSETCATALOG_COMPILER_GLOBAL_ACCENT_COLOR_NAME = AccentColor;
				CODE_SIGN_STYLE = Automatic;
				CURRENT_PROJECT_VERSION = 1;
				DEVELOPMENT_TEAM = XYXUS3QG9G;
				EXCLUDED_ARCHS = "";
				FRAMEWORK_SEARCH_PATHS = (
					"$(inherited)",
					"$(PROJECT_DIR)",
				);
				GENERATE_INFOPLIST_FILE = YES;
				INFOPLIST_FILE = podcast/Resources/Info.plist;
				INFOPLIST_KEY_CFBundleDisplayName = Podcast;
				INFOPLIST_KEY_UIApplicationSupportsIndirectInputEvents = YES;
				INFOPLIST_KEY_UILaunchStoryboardName = LaunchScreen;
				INFOPLIST_KEY_UIMainStoryboardFile = Main;
				INFOPLIST_KEY_UISupportedInterfaceOrientations = UIInterfaceOrientationPortrait;
				LD_RUNPATH_SEARCH_PATHS = (
					"$(inherited)",
					"@executable_path/Frameworks",
				);
				MARKETING_VERSION = 1.0;
				PRODUCT_BUNDLE_IDENTIFIER = com.actvn.hieunt.podcast;
				PRODUCT_NAME = "$(TARGET_NAME)";
				SUPPORTED_PLATFORMS = "iphoneos iphonesimulator";
				SUPPORTS_MACCATALYST = NO;
				SUPPORTS_MAC_DESIGNED_FOR_IPHONE_IPAD = NO;
				SUPPORTS_XR_DESIGNED_FOR_IPHONE_IPAD = NO;
				SWIFT_EMIT_LOC_STRINGS = YES;
				SWIFT_VERSION = 5.0;
				TARGETED_DEVICE_FAMILY = "1,2";
			};
			name = Release;
		};
/* End XCBuildConfiguration section */

/* Begin XCConfigurationList section */
		EAEB1ADF2BCD2A9B00FE5298 /* Build configuration list for PBXProject "podcast" */ = {
			isa = XCConfigurationList;
			buildConfigurations = (
				EAEB1AF62BCD2A9E00FE5298 /* Debug */,
				EAEB1AF72BCD2A9E00FE5298 /* Release */,
			);
			defaultConfigurationIsVisible = 0;
			defaultConfigurationName = Release;
		};
		EAEB1AF82BCD2A9E00FE5298 /* Build configuration list for PBXNativeTarget "podcast" */ = {
			isa = XCConfigurationList;
			buildConfigurations = (
				EAEB1AF92BCD2A9E00FE5298 /* Debug */,
				EAEB1AFA2BCD2A9E00FE5298 /* Release */,
			);
			defaultConfigurationIsVisible = 0;
			defaultConfigurationName = Release;
		};
/* End XCConfigurationList section */
	};
	rootObject = EAEB1ADC2BCD2A9B00FE5298 /* Project object */;
}
